// !$*UTF8*$!
{
	archiveVersion = 1;
	classes = {
	};
	objectVersion = 50;
	objects = {

/* Begin PBXBuildFile section */
		C295B526231F1DF400F3B978 /* AppDelegate.swift in Sources */ = {isa = PBXBuildFile; fileRef = C295B525231F1DF400F3B978 /* AppDelegate.swift */; };
		C295B528231F1DF400F3B978 /* ViewController.swift in Sources */ = {isa = PBXBuildFile; fileRef = C295B527231F1DF400F3B978 /* ViewController.swift */; };
		C295B52B231F1DF400F3B978 /* Main.storyboard in Resources */ = {isa = PBXBuildFile; fileRef = C295B529231F1DF400F3B978 /* Main.storyboard */; };
		C295B52D231F1DF600F3B978 /* Assets.xcassets in Resources */ = {isa = PBXBuildFile; fileRef = C295B52C231F1DF600F3B978 /* Assets.xcassets */; };
		C295B530231F1DF600F3B978 /* LaunchScreen.storyboard in Resources */ = {isa = PBXBuildFile; fileRef = C295B52E231F1DF600F3B978 /* LaunchScreen.storyboard */; };
/* End PBXBuildFile section */

/* Begin PBXFileReference section */
		C295B522231F1DF400F3B978 /* KeyboardShortcuts.app */ = {isa = PBXFileReference; explicitFileType = wrapper.application; includeInIndex = 0; path = KeyboardShortcuts.app; sourceTree = BUILT_PRODUCTS_DIR; };
		C295B525231F1DF400F3B978 /* AppDelegate.swift */ = {isa = PBXFileReference; lastKnownFileType = sourcecode.swift; path = AppDelegate.swift; sourceTree = "<group>"; };
		C295B527231F1DF400F3B978 /* ViewController.swift */ = {isa = PBXFileReference; lastKnownFileType = sourcecode.swift; path = ViewController.swift; sourceTree = "<group>"; };
		C295B52A231F1DF400F3B978 /* Base */ = {isa = PBXFileReference; lastKnownFileType = file.storyboard; name = Base; path = Base.lproj/Main.storyboard; sourceTree = "<group>"; };
		C295B52C231F1DF600F3B978 /* Assets.xcassets */ = {isa = PBXFileReference; lastKnownFileType = folder.assetcatalog; path = Assets.xcassets; sourceTree = "<group>"; };
		C295B52F231F1DF600F3B978 /* Base */ = {isa = PBXFileReference; lastKnownFileType = file.storyboard; name = Base; path = Base.lproj/LaunchScreen.storyboard; sourceTree = "<group>"; };
		C295B531231F1DF600F3B978 /* Info.plist */ = {isa = PBXFileReference; lastKnownFileType = text.plist.xml; path = Info.plist; sourceTree = "<group>"; };
/* End PBXFileReference section */

/* Begin PBXFrameworksBuildPhase section */
		C295B51F231F1DF400F3B978 /* Frameworks */ = {
			isa = PBXFrameworksBuildPhase;
			buildActionMask = 2147483647;
			files = (
			);
			runOnlyForDeploymentPostprocessing = 0;
		};
/* End PBXFrameworksBuildPhase section */

/* Begin PBXGroup section */
		C295B519231F1DF400F3B978 = {
			isa = PBXGroup;
			children = (
				C295B524231F1DF400F3B978 /* KeyboardShortcuts */,
				C295B523231F1DF400F3B978 /* Products */,
			);
			sourceTree = "<group>";
		};
		C295B523231F1DF400F3B978 /* Products */ = {
			isa = PBXGroup;
			children = (
				C295B522231F1DF400F3B978 /* KeyboardShortcuts.app */,
			);
			name = Products;
			sourceTree = "<group>";
		};
		C295B524231F1DF400F3B978 /* KeyboardShortcuts */ = {
			isa = PBXGroup;
			children = (
				C296B19823200C4A00BF456E /* DTO */,
				C295B525231F1DF400F3B978 /* AppDelegate.swift */,
				C295B527231F1DF400F3B978 /* ViewController.swift */,
				C295B529231F1DF400F3B978 /* Main.storyboard */,
				C295B52C231F1DF600F3B978 /* Assets.xcassets */,
				C295B52E231F1DF600F3B978 /* LaunchScreen.storyboard */,
				C295B531231F1DF600F3B978 /* Info.plist */,
			);
			path = KeyboardShortcuts;
			sourceTree = "<group>";
		};
		C296B19823200C4A00BF456E /* DTO */ = {
			isa = PBXGroup;
			children = (
			);
			path = DTO;
			sourceTree = "<group>";
		};
/* End PBXGroup section */

/* Begin PBXNativeTarget section */
		C295B521231F1DF400F3B978 /* KeyboardShortcuts */ = {
			isa = PBXNativeTarget;
			buildConfigurationList = C295B534231F1DF600F3B978 /* Build configuration list for PBXNativeTarget "KeyboardShortcuts" */;
			buildPhases = (
				C295B51E231F1DF400F3B978 /* Sources */,
				C295B51F231F1DF400F3B978 /* Frameworks */,
				C295B520231F1DF400F3B978 /* Resources */,
			);
			buildRules = (
			);
			dependencies = (
			);
			name = KeyboardShortcuts;
			productName = KeyboardShortcuts;
			productReference = C295B522231F1DF400F3B978 /* KeyboardShortcuts.app */;
			productType = "com.apple.product-type.application";
		};
/* End PBXNativeTarget section */

/* Begin PBXProject section */
		C295B51A231F1DF400F3B978 /* Project object */ = {
			isa = PBXProject;
			attributes = {
				LastSwiftUpdateCheck = 1030;
				LastUpgradeCheck = 1030;
				ORGANIZATIONNAME = "Ernesto Valdez";
				TargetAttributes = {
					C295B521231F1DF400F3B978 = {
						CreatedOnToolsVersion = 10.3;
					};
				};
			};
			buildConfigurationList = C295B51D231F1DF400F3B978 /* Build configuration list for PBXProject "KeyboardShortcuts" */;
			compatibilityVersion = "Xcode 9.3";
			developmentRegion = en;
			hasScannedForEncodings = 0;
			knownRegions = (
				en,
				Base,
			);
			mainGroup = C295B519231F1DF400F3B978;
			productRefGroup = C295B523231F1DF400F3B978 /* Products */;
			projectDirPath = "";
			projectRoot = "";
			targets = (
				C295B521231F1DF400F3B978 /* KeyboardShortcuts */,
			);
		};
/* End PBXProject section */

/* Begin PBXResourcesBuildPhase section */
		C295B520231F1DF400F3B978 /* Resources */ = {
			isa = PBXResourcesBuildPhase;
			buildActionMask = 2147483647;
			files = (
				C295B530231F1DF600F3B978 /* LaunchScreen.storyboard in Resources */,
				C295B52D231F1DF600F3B978 /* Assets.xcassets in Resources */,
				C295B52B231F1DF400F3B978 /* Main.storyboard in Resources */,
			);
			runOnlyForDeploymentPostprocessing = 0;
		};
/* End PBXResourcesBuildPhase section */

/* Begin PBXSourcesBuildPhase section */
		C295B51E231F1DF400F3B978 /* Sources */ = {
			isa = PBXSourcesBuildPhase;
			buildActionMask = 2147483647;
			files = (
				C295B528231F1DF400F3B978 /* ViewController.swift in Sources */,
				C295B526231F1DF400F3B978 /* AppDelegate.swift in Sources */,
			);
			runOnlyForDeploymentPostprocessing = 0;
		};
/* End PBXSourcesBuildPhase section */

/* Begin PBXVariantGroup section */
		C295B529231F1DF400F3B978 /* Main.storyboard */ = {
			isa = PBXVariantGroup;
			children = (
				C295B52A231F1DF400F3B978 /* Base */,
			);
			name = Main.storyboard;
			sourceTree = "<group>";
		};
		C295B52E231F1DF600F3B978 /* LaunchScreen.storyboard */ = {
			isa = PBXVariantGroup;
			children = (
				C295B52F231F1DF600F3B978 /* Base */,
			);
			name = LaunchScreen.storyboard;
			sourceTree = "<group>";
		};
/* End PBXVariantGroup section */

/* Begin XCBuildConfiguration section */
		C295B532231F1DF600F3B978 /* Debug */ = {
			isa = XCBuildConfiguration;
			buildSettings = {
				ALWAYS_SEARCH_USER_PATHS = NO;
				CLANG_ANALYZER_NONNULL = YES;
				CLANG_ANALYZER_NUMBER_OBJECT_CONVERSION = YES_AGGRESSIVE;
				CLANG_CXX_LANGUAGE_STANDARD = "gnu++14";
				CLANG_CXX_LIBRARY = "libc++";
				CLANG_ENABLE_MODULES = YES;
				CLANG_ENABLE_OBJC_ARC = YES;
				CLANG_ENABLE_OBJC_WEAK = YES;
				CLANG_WARN_BLOCK_CAPTURE_AUTORELEASING = YES;
				CLANG_WARN_BOOL_CONVERSION = YES;
				CLANG_WARN_COMMA = YES;
				CLANG_WARN_CONSTANT_CONVERSION = YES;
				CLANG_WARN_DEPRECATED_OBJC_IMPLEMENTATIONS = YES;
				CLANG_WARN_DIRECT_OBJC_ISA_USAGE = YES_ERROR;
				CLANG_WARN_DOCUMENTATION_COMMENTS = YES;
				CLANG_WARN_EMPTY_BODY = YES;
				CLANG_WARN_ENUM_CONVERSION = YES;
				CLANG_WARN_INFINITE_RECURSION = YES;
				CLANG_WARN_INT_CONVERSION = YES;
				CLANG_WARN_NON_LITERAL_NULL_CONVERSION = YES;
				CLANG_WARN_OBJC_IMPLICIT_RETAIN_SELF = YES;
				CLANG_WARN_OBJC_LITERAL_CONVERSION = YES;
				CLANG_WARN_OBJC_ROOT_CLASS = YES_ERROR;
				CLANG_WARN_RANGE_LOOP_ANALYSIS = YES;
				CLANG_WARN_STRICT_PROTOTYPES = YES;
				CLANG_WARN_SUSPICIOUS_MOVE = YES;
				CLANG_WARN_UNGUARDED_AVAILABILITY = YES_AGGRESSIVE;
				CLANG_WARN_UNREACHABLE_CODE = YES;
				CLANG_WARN__DUPLICATE_METHOD_MATCH = YES;
				CODE_SIGN_IDENTITY = "iPhone Developer";
				COPY_PHASE_STRIP = NO;
				DEBUG_INFORMATION_FORMAT = dwarf;
				ENABLE_STRICT_OBJC_MSGSEND = YES;
				ENABLE_TESTABILITY = YES;
				GCC_C_LANGUAGE_STANDARD = gnu11;
				GCC_DYNAMIC_NO_PIC = NO;
				GCC_NO_COMMON_BLOCKS = YES;
				GCC_OPTIMIZATION_LEVEL = 0;
				GCC_PREPROCESSOR_DEFINITIONS = (
					"DEBUG=1",
					"$(inherited)",
				);
				GCC_WARN_64_TO_32_BIT_CONVERSION = YES;
				GCC_WARN_ABOUT_RETURN_TYPE = YES_ERROR;
				GCC_WARN_UNDECLARED_SELECTOR = YES;
				GCC_WARN_UNINITIALIZED_AUTOS = YES_AGGRESSIVE;
				GCC_WARN_UNUSED_FUNCTION = YES;
				GCC_WARN_UNUSED_VARIABLE = YES;
				IPHONEOS_DEPLOYMENT_TARGET = 12.4;
				MTL_ENABLE_DEBUG_INFO = INCLUDE_SOURCE;
				MTL_FAST_MATH = YES;
				ONLY_ACTIVE_ARCH = YES;
				SDKROOT = iphoneos;
				SWIFT_ACTIVE_COMPILATION_CONDITIONS = DEBUG;
				SWIFT_OPTIMIZATION_LEVEL = "-Onone";
			};
			name = Debug;
		};
		C295B533231F1DF600F3B978 /* Release */ = {
			isa = XCBuildConfiguration;
			buildSettings = {
				ALWAYS_SEARCH_USER_PATHS = NO;
				CLANG_ANALYZER_NONNULL = YES;
				CLANG_ANALYZER_NUMBER_OBJECT_CONVERSION = YES_AGGRESSIVE;
				CLANG_CXX_LANGUAGE_STANDARD = "gnu++14";
				CLANG_CXX_LIBRARY = "libc++";
				CLANG_ENABLE_MODULES = YES;
				CLANG_ENABLE_OBJC_ARC = YES;
				CLANG_ENABLE_OBJC_WEAK = YES;
				CLANG_WARN_BLOCK_CAPTURE_AUTORELEASING = YES;
				CLANG_WARN_BOOL_CONVERSION = YES;
				CLANG_WARN_COMMA = YES;
				CLANG_WARN_CONSTANT_CONVERSION = YES;
				CLANG_WARN_DEPRECATED_OBJC_IMPLEMENTATIONS = YES;
				CLANG_WARN_DIRECT_OBJC_ISA_USAGE = YES_ERROR;
				CLANG_WARN_DOCUMENTATION_COMMENTS = YES;
				CLANG_WARN_EMPTY_BODY = YES;
				CLANG_WARN_ENUM_CONVERSION = YES;
				CLANG_WARN_INFINITE_RECURSION = YES;
				CLANG_WARN_INT_CONVERSION = YES;
				CLANG_WARN_NON_LITERAL_NULL_CONVERSION = YES;
				CLANG_WARN_OBJC_IMPLICIT_RETAIN_SELF = YES;
				CLANG_WARN_OBJC_LITERAL_CONVERSION = YES;
				CLANG_WARN_OBJC_ROOT_CLASS = YES_ERROR;
				CLANG_WARN_RANGE_LOOP_ANALYSIS = YES;
				CLANG_WARN_STRICT_PROTOTYPES = YES;
				CLANG_WARN_SUSPICIOUS_MOVE = YES;
				CLANG_WARN_UNGUARDED_AVAILABILITY = YES_AGGRESSIVE;
				CLANG_WARN_UNREACHABLE_CODE = YES;
				CLANG_WARN__DUPLICATE_METHOD_MATCH = YES;
				CODE_SIGN_IDENTITY = "iPhone Developer";
				COPY_PHASE_STRIP = NO;
				DEBUG_INFORMATION_FORMAT = "dwarf-with-dsym";
				ENABLE_NS_ASSERTIONS = NO;
				ENABLE_STRICT_OBJC_MSGSEND = YES;
				GCC_C_LANGUAGE_STANDARD = gnu11;
				GCC_NO_COMMON_BLOCKS = YES;
				GCC_WARN_64_TO_32_BIT_CONVERSION = YES;
				GCC_WARN_ABOUT_RETURN_TYPE = YES_ERROR;
				GCC_WARN_UNDECLARED_SELECTOR = YES;
				GCC_WARN_UNINITIALIZED_AUTOS = YES_AGGRESSIVE;
				GCC_WARN_UNUSED_FUNCTION = YES;
				GCC_WARN_UNUSED_VARIABLE = YES;
				IPHONEOS_DEPLOYMENT_TARGET = 12.4;
				MTL_ENABLE_DEBUG_INFO = NO;
				MTL_FAST_MATH = YES;
				SDKROOT = iphoneos;
				SWIFT_COMPILATION_MODE = wholemodule;
				SWIFT_OPTIMIZATION_LEVEL = "-O";
				VALIDATE_PRODUCT = YES;
			};
			name = Release;
		};
		C295B535231F1DF600F3B978 /* Debug */ = {
			isa = XCBuildConfiguration;
			buildSettings = {
				ASSETCATALOG_COMPILER_APPICON_NAME = AppIcon;
				CODE_SIGN_STYLE = Automatic;
				DEVELOPMENT_TEAM = 2AW7MT4992;
				INFOPLIST_FILE = KeyboardShortcuts/Info.plist;
				LD_RUNPATH_SEARCH_PATHS = (
					"$(inherited)",
					"@executable_path/Frameworks",
				);
				PRODUCT_BUNDLE_IDENTIFIER = com.ernestovaldez.KeyboardShortcuts;
				PRODUCT_NAME = "$(TARGET_NAME)";
				SWIFT_VERSION = 5.0;
				TARGETED_DEVICE_FAMILY = 1;
			};
			name = Debug;
		};
		C295B536231F1DF600F3B978 /* Release */ = {
			isa = XCBuildConfiguration;
			buildSettings = {
				ASSETCATALOG_COMPILER_APPICON_NAME = AppIcon;
				CODE_SIGN_STYLE = Automatic;
				DEVELOPMENT_TEAM = 2AW7MT4992;
				INFOPLIST_FILE = KeyboardShortcuts/Info.plist;
				LD_RUNPATH_SEARCH_PATHS = (
					"$(inherited)",
					"@executable_path/Frameworks",
				);
				PRODUCT_BUNDLE_IDENTIFIER = com.ernestovaldez.KeyboardShortcuts;
				PRODUCT_NAME = "$(TARGET_NAME)";
				SWIFT_VERSION = 5.0;
				TARGETED_DEVICE_FAMILY = 1;
			};
			name = Release;
		};
/* End XCBuildConfiguration section */

/* Begin XCConfigurationList section */
		C295B51D231F1DF400F3B978 /* Build configuration list for PBXProject "KeyboardShortcuts" */ = {
			isa = XCConfigurationList;
			buildConfigurations = (
				C295B532231F1DF600F3B978 /* Debug */,
				C295B533231F1DF600F3B978 /* Release */,
			);
			defaultConfigurationIsVisible = 0;
			defaultConfigurationName = Release;
		};
		C295B534231F1DF600F3B978 /* Build configuration list for PBXNativeTarget "KeyboardShortcuts" */ = {
			isa = XCConfigurationList;
			buildConfigurations = (
				C295B535231F1DF600F3B978 /* Debug */,
				C295B536231F1DF600F3B978 /* Release */,
			);
			defaultConfigurationIsVisible = 0;
			defaultConfigurationName = Release;
		};
/* End XCConfigurationList section */
	};
	rootObject = C295B51A231F1DF400F3B978 /* Project object */;
}
